
Microsoft Visual Studio Solution File, Format Version 11.00
# Visual Studio 2010
Project("{FAE04EC0-301F-11D3-BF4B-00C04F79EFBC}") = "SudokuLib", "SudokuLib.csproj", "{832AC766-BD09-4900-94A4-FEEA123DABFF}"
EndProject
Project("{FAE04EC0-301F-11D3-BF4B-00C04F79EFBC}") = "SudokuSolver", "..\SudokuSolver\SudokuSolver.csproj", "{F7DE4989-0C02-4B7A-A3B3-9D9C2F7652E8}"
EndProject
Global
	GlobalSection(SolutionConfigurationPlatforms) = preSolution
		Debug|Any CPU = Debug|Any CPU
		Release|Any CPU = Release|Any CPU
	EndGlobalSection
	GlobalSection(ProjectConfigurationPlatforms) = postSolution
		{832AC766-BD09-4900-94A4-FEEA123DABFF}.Debug|Any CPU.ActiveCfg = Debug|Any CPU
		{832AC766-BD09-4900-94A4-FEEA123DABFF}.Debug|Any CPU.Build.0 = Debug|Any CPU
		{832AC766-BD09-4900-94A4-FEEA123DABFF}.Release|Any CPU.ActiveCfg = Release|Any CPU
		{832AC766-BD09-4900-94A4-FEEA123DABFF}.Release|Any CPU.Build.0 = Release|Any CPU
		{F7DE4989-0C02-4B7A-A3B3-9D9C2F7652E8}.Debug|Any CPU.ActiveCfg = Debug|Any CPU
		{F7DE4989-0C02-4B7A-A3B3-9D9C2F7652E8}.Debug|Any CPU.Build.0 = Debug|Any CPU
		{F7DE4989-0C02-4B7A-A3B3-9D9C2F7652E8}.Release|Any CPU.ActiveCfg = Release|Any CPU
		{F7DE4989-0C02-4B7A-A3B3-9D9C2F7652E8}.Release|Any CPU.Build.0 = Release|Any CPU
	EndGlobalSection
	GlobalSection(SolutionProperties) = preSolution
		HideSolutionNode = FALSE
	EndGlobalSection
EndGlobal
